// !$*UTF8*$!
{
	archiveVersion = 1;
	classes = {
	};
	objectVersion = 48;
	objects = {

/* Begin PBXBuildFile section */
		017CE63341A8A454A156B267 /* libPods-HomePage-DemoUITests.a in Frameworks */ = {isa = PBXBuildFile; fileRef = AEC1511D10CB8E0736EE9E71 /* libPods-HomePage-DemoUITests.a */; };
		1D44E82C1FB2BFCF0086B576 /* AppDelegate.m in Sources */ = {isa = PBXBuildFile; fileRef = 1D44E82B1FB2BFCF0086B576 /* AppDelegate.m */; };
		1D44E8341FB2BFCF0086B576 /* Assets.xcassets in Resources */ = {isa = PBXBuildFile; fileRef = 1D44E8331FB2BFCF0086B576 /* Assets.xcassets */; };
		1D44E83A1FB2BFCF0086B576 /* main.m in Sources */ = {isa = PBXBuildFile; fileRef = 1D44E8391FB2BFCF0086B576 /* main.m */; };
		1D44E8441FB2BFCF0086B576 /* HomePage_DemoTests.m in Sources */ = {isa = PBXBuildFile; fileRef = 1D44E8431FB2BFCF0086B576 /* HomePage_DemoTests.m */; };
		1D44E84F1FB2BFCF0086B576 /* HomePage_DemoUITests.m in Sources */ = {isa = PBXBuildFile; fileRef = 1D44E84E1FB2BFCF0086B576 /* HomePage_DemoUITests.m */; };
		1D44E8621FB2C1060086B576 /* HomPageViewController.m in Sources */ = {isa = PBXBuildFile; fileRef = 1D44E8601FB2C1060086B576 /* HomPageViewController.m */; };
		1D44E8631FB2C1060086B576 /* HomPageViewController.xib in Resources */ = {isa = PBXBuildFile; fileRef = 1D44E8611FB2C1060086B576 /* HomPageViewController.xib */; };
		1D44E8671FB2D2C50086B576 /* HomePage.podspec in Resources */ = {isa = PBXBuildFile; fileRef = 1D44E8661FB2D2C50086B576 /* HomePage.podspec */; };
		1D44E8691FB2D7460086B576 /* LICENSE in Resources */ = {isa = PBXBuildFile; fileRef = 1D44E8681FB2D7460086B576 /* LICENSE */; };
		42790D417893C1AAE1129E2E /* libPods-HomePage-DemoTests.a in Frameworks */ = {isa = PBXBuildFile; fileRef = D60EB6B1E99DF3D4EAE84CB3 /* libPods-HomePage-DemoTests.a */; };
		5F999148625425D514A74F1B /* libPods-HomePage-Demo.a in Frameworks */ = {isa = PBXBuildFile; fileRef = A36BC347ACD9FD2E68CDAD0D /* libPods-HomePage-Demo.a */; };
/* End PBXBuildFile section */

/* Begin PBXContainerItemProxy section */
		1D44E8401FB2BFCF0086B576 /* PBXContainerItemProxy */ = {
			isa = PBXContainerItemProxy;
			containerPortal = 1D44E81F1FB2BFCF0086B576 /* Project object */;
			proxyType = 1;
			remoteGlobalIDString = 1D44E8261FB2BFCF0086B576;
			remoteInfo = "HomePage-Demo";
		};
		1D44E84B1FB2BFCF0086B576 /* PBXContainerItemProxy */ = {
			isa = PBXContainerItemProxy;
			containerPortal = 1D44E81F1FB2BFCF0086B576 /* Project object */;
			proxyType = 1;
			remoteGlobalIDString = 1D44E8261FB2BFCF0086B576;
			remoteInfo = "HomePage-Demo";
		};
/* End PBXContainerItemProxy section */

/* Begin PBXFileReference section */
		1D44E8271FB2BFCF0086B576 /* HomePage-Demo.app */ = {isa = PBXFileReference; explicitFileType = wrapper.application; includeInIndex = 0; path = "HomePage-Demo.app"; sourceTree = BUILT_PRODUCTS_DIR; };
		1D44E82A1FB2BFCF0086B576 /* AppDelegate.h */ = {isa = PBXFileReference; lastKnownFileType = sourcecode.c.h; path = AppDelegate.h; sourceTree = "<group>"; };
		1D44E82B1FB2BFCF0086B576 /* AppDelegate.m */ = {isa = PBXFileReference; lastKnownFileType = sourcecode.c.objc; path = AppDelegate.m; sourceTree = "<group>"; };
		1D44E8331FB2BFCF0086B576 /* Assets.xcassets */ = {isa = PBXFileReference; lastKnownFileType = folder.assetcatalog; path = Assets.xcassets; sourceTree = "<group>"; };
		1D44E8381FB2BFCF0086B576 /* Info.plist */ = {isa = PBXFileReference; lastKnownFileType = text.plist.xml; path = Info.plist; sourceTree = "<group>"; };
		1D44E8391FB2BFCF0086B576 /* main.m */ = {isa = PBXFileReference; lastKnownFileType = sourcecode.c.objc; path = main.m; sourceTree = "<group>"; };
		1D44E83F1FB2BFCF0086B576 /* HomePage-DemoTests.xctest */ = {isa = PBXFileReference; explicitFileType = wrapper.cfbundle; includeInIndex = 0; path = "HomePage-DemoTests.xctest"; sourceTree = BUILT_PRODUCTS_DIR; };
		1D44E8431FB2BFCF0086B576 /* HomePage_DemoTests.m */ = {isa = PBXFileReference; lastKnownFileType = sourcecode.c.objc; path = HomePage_DemoTests.m; sourceTree = "<group>"; };
		1D44E8451FB2BFCF0086B576 /* Info.plist */ = {isa = PBXFileReference; lastKnownFileType = text.plist.xml; path = Info.plist; sourceTree = "<group>"; };
		1D44E84A1FB2BFCF0086B576 /* HomePage-DemoUITests.xctest */ = {isa = PBXFileReference; explicitFileType = wrapper.cfbundle; includeInIndex = 0; path = "HomePage-DemoUITests.xctest"; sourceTree = BUILT_PRODUCTS_DIR; };
		1D44E84E1FB2BFCF0086B576 /* HomePage_DemoUITests.m */ = {isa = PBXFileReference; lastKnownFileType = sourcecode.c.objc; path = HomePage_DemoUITests.m; sourceTree = "<group>"; };
		1D44E8501FB2BFCF0086B576 /* Info.plist */ = {isa = PBXFileReference; lastKnownFileType = text.plist.xml; path = Info.plist; sourceTree = "<group>"; };
		1D44E85F1FB2C1060086B576 /* HomPageViewController.h */ = {isa = PBXFileReference; lastKnownFileType = sourcecode.c.h; path = HomPageViewController.h; sourceTree = "<group>"; };
		1D44E8601FB2C1060086B576 /* HomPageViewController.m */ = {isa = PBXFileReference; lastKnownFileType = sourcecode.c.objc; path = HomPageViewController.m; sourceTree = "<group>"; };
		1D44E8611FB2C1060086B576 /* HomPageViewController.xib */ = {isa = PBXFileReference; lastKnownFileType = file.xib; path = HomPageViewController.xib; sourceTree = "<group>"; };
		1D44E8661FB2D2C50086B576 /* HomePage.podspec */ = {isa = PBXFileReference; fileEncoding = 4; lastKnownFileType = text; path = HomePage.podspec; sourceTree = "<group>"; };
		1D44E8681FB2D7460086B576 /* LICENSE */ = {isa = PBXFileReference; fileEncoding = 4; lastKnownFileType = text; path = LICENSE; sourceTree = "<group>"; };
		622A9796FF91D1E5B8117F42 /* Pods-HomePage-DemoUITests.debug.xcconfig */ = {isa = PBXFileReference; includeInIndex = 1; lastKnownFileType = text.xcconfig; name = "Pods-HomePage-DemoUITests.debug.xcconfig"; path = "Pods/Target Support Files/Pods-HomePage-DemoUITests/Pods-HomePage-DemoUITests.debug.xcconfig"; sourceTree = "<group>"; };
		8E2B64F20090F6AE674EC63A /* Pods-HomePage-DemoTests.release.xcconfig */ = {isa = PBXFileReference; includeInIndex = 1; lastKnownFileType = text.xcconfig; name = "Pods-HomePage-DemoTests.release.xcconfig"; path = "Pods/Target Support Files/Pods-HomePage-DemoTests/Pods-HomePage-DemoTests.release.xcconfig"; sourceTree = "<group>"; };
		A36BC347ACD9FD2E68CDAD0D /* libPods-HomePage-Demo.a */ = {isa = PBXFileReference; explicitFileType = archive.ar; includeInIndex = 0; path = "libPods-HomePage-Demo.a"; sourceTree = BUILT_PRODUCTS_DIR; };
		A53566729468EC8CF52E6AB8 /* Pods-HomePage-Demo.debug.xcconfig */ = {isa = PBXFileReference; includeInIndex = 1; lastKnownFileType = text.xcconfig; name = "Pods-HomePage-Demo.debug.xcconfig"; path = "Pods/Target Support Files/Pods-HomePage-Demo/Pods-HomePage-Demo.debug.xcconfig"; sourceTree = "<group>"; };
		AEC1511D10CB8E0736EE9E71 /* libPods-HomePage-DemoUITests.a */ = {isa = PBXFileReference; explicitFileType = archive.ar; includeInIndex = 0; path = "libPods-HomePage-DemoUITests.a"; sourceTree = BUILT_PRODUCTS_DIR; };
		BEAF4756AE4A79A935E10F3E /* Pods-HomePage-Demo.release.xcconfig */ = {isa = PBXFileReference; includeInIndex = 1; lastKnownFileType = text.xcconfig; name = "Pods-HomePage-Demo.release.xcconfig"; path = "Pods/Target Support Files/Pods-HomePage-Demo/Pods-HomePage-Demo.release.xcconfig"; sourceTree = "<group>"; };
		D1A4BBB9E182513F2A5C64F0 /* Pods-HomePage-DemoTests.debug.xcconfig */ = {isa = PBXFileReference; includeInIndex = 1; lastKnownFileType = text.xcconfig; name = "Pods-HomePage-DemoTests.debug.xcconfig"; path = "Pods/Target Support Files/Pods-HomePage-DemoTests/Pods-HomePage-DemoTests.debug.xcconfig"; sourceTree = "<group>"; };
		D522577ED18CC3A8F96F1E21 /* Pods-HomePage-DemoUITests.release.xcconfig */ = {isa = PBXFileReference; includeInIndex = 1; lastKnownFileType = text.xcconfig; name = "Pods-HomePage-DemoUITests.release.xcconfig"; path = "Pods/Target Support Files/Pods-HomePage-DemoUITests/Pods-HomePage-DemoUITests.release.xcconfig"; sourceTree = "<group>"; };
		D60EB6B1E99DF3D4EAE84CB3 /* libPods-HomePage-DemoTests.a */ = {isa = PBXFileReference; explicitFileType = archive.ar; includeInIndex = 0; path = "libPods-HomePage-DemoTests.a"; sourceTree = BUILT_PRODUCTS_DIR; };
/* End PBXFileReference section */

/* Begin PBXFrameworksBuildPhase section */
		1D44E8241FB2BFCF0086B576 /* Frameworks */ = {
			isa = PBXFrameworksBuildPhase;
			buildActionMask = 2147483647;
			files = (
				5F999148625425D514A74F1B /* libPods-HomePage-Demo.a in Frameworks */,
			);
			runOnlyForDeploymentPostprocessing = 0;
		};
		1D44E83C1FB2BFCF0086B576 /* Frameworks */ = {
			isa = PBXFrameworksBuildPhase;
			buildActionMask = 2147483647;
			files = (
				42790D417893C1AAE1129E2E /* libPods-HomePage-DemoTests.a in Frameworks */,
			);
			runOnlyForDeploymentPostprocessing = 0;
		};
		1D44E8471FB2BFCF0086B576 /* Frameworks */ = {
			isa = PBXFrameworksBuildPhase;
			buildActionMask = 2147483647;
			files = (
				017CE63341A8A454A156B267 /* libPods-HomePage-DemoUITests.a in Frameworks */,
			);
			runOnlyForDeploymentPostprocessing = 0;
		};
/* End PBXFrameworksBuildPhase section */

/* Begin PBXGroup section */
		1D44E81E1FB2BFCF0086B576 = {
			isa = PBXGroup;
			children = (
				1D44E8681FB2D7460086B576 /* LICENSE */,
				1D44E8661FB2D2C50086B576 /* HomePage.podspec */,
				1D44E85E1FB2C09D0086B576 /* HomePage */,
				1D44E8291FB2BFCF0086B576 /* HomePage-Demo */,
				1D44E8421FB2BFCF0086B576 /* HomePage-DemoTests */,
				1D44E84D1FB2BFCF0086B576 /* HomePage-DemoUITests */,
				1D44E8281FB2BFCF0086B576 /* Products */,
				F6DA01F5D3241A8E20097399 /* Pods */,
				7727B7D4C424969BE7B2249D /* Frameworks */,
			);
			sourceTree = "<group>";
		};
		1D44E8281FB2BFCF0086B576 /* Products */ = {
			isa = PBXGroup;
			children = (
				1D44E8271FB2BFCF0086B576 /* HomePage-Demo.app */,
				1D44E83F1FB2BFCF0086B576 /* HomePage-DemoTests.xctest */,
				1D44E84A1FB2BFCF0086B576 /* HomePage-DemoUITests.xctest */,
			);
			name = Products;
			sourceTree = "<group>";
		};
		1D44E8291FB2BFCF0086B576 /* HomePage-Demo */ = {
			isa = PBXGroup;
			children = (
				1D44E82A1FB2BFCF0086B576 /* AppDelegate.h */,
				1D44E82B1FB2BFCF0086B576 /* AppDelegate.m */,
				1D44E8331FB2BFCF0086B576 /* Assets.xcassets */,
				1D44E8381FB2BFCF0086B576 /* Info.plist */,
				1D44E8391FB2BFCF0086B576 /* main.m */,
			);
			path = "HomePage-Demo";
			sourceTree = "<group>";
		};
		1D44E8421FB2BFCF0086B576 /* HomePage-DemoTests */ = {
			isa = PBXGroup;
			children = (
				1D44E8431FB2BFCF0086B576 /* HomePage_DemoTests.m */,
				1D44E8451FB2BFCF0086B576 /* Info.plist */,
			);
			path = "HomePage-DemoTests";
			sourceTree = "<group>";
		};
		1D44E84D1FB2BFCF0086B576 /* HomePage-DemoUITests */ = {
			isa = PBXGroup;
			children = (
				1D44E84E1FB2BFCF0086B576 /* HomePage_DemoUITests.m */,
				1D44E8501FB2BFCF0086B576 /* Info.plist */,
			);
			path = "HomePage-DemoUITests";
			sourceTree = "<group>";
		};
		1D44E85E1FB2C09D0086B576 /* HomePage */ = {
			isa = PBXGroup;
			children = (
				1D44E85F1FB2C1060086B576 /* HomPageViewController.h */,
				1D44E8601FB2C1060086B576 /* HomPageViewController.m */,
				1D44E8611FB2C1060086B576 /* HomPageViewController.xib */,
			);
			path = HomePage;
			sourceTree = "<group>";
		};
		7727B7D4C424969BE7B2249D /* Frameworks */ = {
			isa = PBXGroup;
			children = (
				A36BC347ACD9FD2E68CDAD0D /* libPods-HomePage-Demo.a */,
				D60EB6B1E99DF3D4EAE84CB3 /* libPods-HomePage-DemoTests.a */,
				AEC1511D10CB8E0736EE9E71 /* libPods-HomePage-DemoUITests.a */,
			);
			name = Frameworks;
			sourceTree = "<group>";
		};
		F6DA01F5D3241A8E20097399 /* Pods */ = {
			isa = PBXGroup;
			children = (
				A53566729468EC8CF52E6AB8 /* Pods-HomePage-Demo.debug.xcconfig */,
				BEAF4756AE4A79A935E10F3E /* Pods-HomePage-Demo.release.xcconfig */,
				D1A4BBB9E182513F2A5C64F0 /* Pods-HomePage-DemoTests.debug.xcconfig */,
				8E2B64F20090F6AE674EC63A /* Pods-HomePage-DemoTests.release.xcconfig */,
				622A9796FF91D1E5B8117F42 /* Pods-HomePage-DemoUITests.debug.xcconfig */,
				D522577ED18CC3A8F96F1E21 /* Pods-HomePage-DemoUITests.release.xcconfig */,
			);
			name = Pods;
			sourceTree = "<group>";
		};
/* End PBXGroup section */

/* Begin PBXNativeTarget section */
		1D44E8261FB2BFCF0086B576 /* HomePage-Demo */ = {
			isa = PBXNativeTarget;
			buildConfigurationList = 1D44E8531FB2BFCF0086B576 /* Build configuration list for PBXNativeTarget "HomePage-Demo" */;
			buildPhases = (
				3DF6D2EE4E2F9327F2154641 /* [CP] Check Pods Manifest.lock */,
				1D44E8231FB2BFCF0086B576 /* Sources */,
				1D44E8241FB2BFCF0086B576 /* Frameworks */,
				1D44E8251FB2BFCF0086B576 /* Resources */,
				F633304A2B323920F9EA75D5 /* [CP] Embed Pods Frameworks */,
				1C257C20C18E063042D490E2 /* [CP] Copy Pods Resources */,
			);
			buildRules = (
			);
			dependencies = (
			);
			name = "HomePage-Demo";
			productName = "HomePage-Demo";
			productReference = 1D44E8271FB2BFCF0086B576 /* HomePage-Demo.app */;
			productType = "com.apple.product-type.application";
		};
		1D44E83E1FB2BFCF0086B576 /* HomePage-DemoTests */ = {
			isa = PBXNativeTarget;
			buildConfigurationList = 1D44E8561FB2BFCF0086B576 /* Build configuration list for PBXNativeTarget "HomePage-DemoTests" */;
			buildPhases = (
				E815B462381E64B8BDB87ACB /* [CP] Check Pods Manifest.lock */,
				1D44E83B1FB2BFCF0086B576 /* Sources */,
				1D44E83C1FB2BFCF0086B576 /* Frameworks */,
				1D44E83D1FB2BFCF0086B576 /* Resources */,
				288DEC4D8C94ACECC9D9F061 /* [CP] Embed Pods Frameworks */,
				78D967DA5EA4FB385786D4AD /* [CP] Copy Pods Resources */,
			);
			buildRules = (
			);
			dependencies = (
				1D44E8411FB2BFCF0086B576 /* PBXTargetDependency */,
			);
			name = "HomePage-DemoTests";
			productName = "HomePage-DemoTests";
			productReference = 1D44E83F1FB2BFCF0086B576 /* HomePage-DemoTests.xctest */;
			productType = "com.apple.product-type.bundle.unit-test";
		};
		1D44E8491FB2BFCF0086B576 /* HomePage-DemoUITests */ = {
			isa = PBXNativeTarget;
			buildConfigurationList = 1D44E8591FB2BFCF0086B576 /* Build configuration list for PBXNativeTarget "HomePage-DemoUITests" */;
			buildPhases = (
				40C383F1D143A33E9226AEA7 /* [CP] Check Pods Manifest.lock */,
				1D44E8461FB2BFCF0086B576 /* Sources */,
				1D44E8471FB2BFCF0086B576 /* Frameworks */,
				1D44E8481FB2BFCF0086B576 /* Resources */,
				11DEFE27F1A31F1A4DCE3229 /* [CP] Embed Pods Frameworks */,
				BBAF49997A1A97114F2AC227 /* [CP] Copy Pods Resources */,
			);
			buildRules = (
			);
			dependencies = (
				1D44E84C1FB2BFCF0086B576 /* PBXTargetDependency */,
			);
			name = "HomePage-DemoUITests";
			productName = "HomePage-DemoUITests";
			productReference = 1D44E84A1FB2BFCF0086B576 /* HomePage-DemoUITests.xctest */;
			productType = "com.apple.product-type.bundle.ui-testing";
		};
/* End PBXNativeTarget section */

/* Begin PBXProject section */
		1D44E81F1FB2BFCF0086B576 /* Project object */ = {
			isa = PBXProject;
			attributes = {
				LastUpgradeCheck = 0910;
				ORGANIZATIONNAME = shaggon;
				TargetAttributes = {
					1D44E8261FB2BFCF0086B576 = {
						CreatedOnToolsVersion = 9.1;
						ProvisioningStyle = Automatic;
					};
					1D44E83E1FB2BFCF0086B576 = {
						CreatedOnToolsVersion = 9.1;
						ProvisioningStyle = Automatic;
						TestTargetID = 1D44E8261FB2BFCF0086B576;
					};
					1D44E8491FB2BFCF0086B576 = {
						CreatedOnToolsVersion = 9.1;
						ProvisioningStyle = Automatic;
						TestTargetID = 1D44E8261FB2BFCF0086B576;
					};
				};
			};
			buildConfigurationList = 1D44E8221FB2BFCF0086B576 /* Build configuration list for PBXProject "HomePage-Demo" */;
			compatibilityVersion = "Xcode 8.0";
			developmentRegion = en;
			hasScannedForEncodings = 0;
			knownRegions = (
				en,
				Base,
			);
			mainGroup = 1D44E81E1FB2BFCF0086B576;
			productRefGroup = 1D44E8281FB2BFCF0086B576 /* Products */;
			projectDirPath = "";
			projectRoot = "";
			targets = (
				1D44E8261FB2BFCF0086B576 /* HomePage-Demo */,
				1D44E83E1FB2BFCF0086B576 /* HomePage-DemoTests */,
				1D44E8491FB2BFCF0086B576 /* HomePage-DemoUITests */,
			);
		};
/* End PBXProject section */

/* Begin PBXResourcesBuildPhase section */
		1D44E8251FB2BFCF0086B576 /* Resources */ = {
			isa = PBXResourcesBuildPhase;
			buildActionMask = 2147483647;
			files = (
				1D44E8341FB2BFCF0086B576 /* Assets.xcassets in Resources */,
				1D44E8671FB2D2C50086B576 /* HomePage.podspec in Resources */,
				1D44E8691FB2D7460086B576 /* LICENSE in Resources */,
				1D44E8631FB2C1060086B576 /* HomPageViewController.xib in Resources */,
			);
			runOnlyForDeploymentPostprocessing = 0;
		};
		1D44E83D1FB2BFCF0086B576 /* Resources */ = {
			isa = PBXResourcesBuildPhase;
			buildActionMask = 2147483647;
			files = (
			);
			runOnlyForDeploymentPostprocessing = 0;
		};
		1D44E8481FB2BFCF0086B576 /* Resources */ = {
			isa = PBXResourcesBuildPhase;
			buildActionMask = 2147483647;
			files = (
			);
			runOnlyForDeploymentPostprocessing = 0;
		};
/* End PBXResourcesBuildPhase section */

/* Begin PBXShellScriptBuildPhase section */
		11DEFE27F1A31F1A4DCE3229 /* [CP] Embed Pods Frameworks */ = {
			isa = PBXShellScriptBuildPhase;
			buildActionMask = 2147483647;
			files = (
			);
			inputPaths = (
			);
			name = "[CP] Embed Pods Frameworks";
			outputPaths = (
			);
			runOnlyForDeploymentPostprocessing = 0;
			shellPath = /bin/sh;
			shellScript = "\"${SRCROOT}/Pods/Target Support Files/Pods-HomePage-DemoUITests/Pods-HomePage-DemoUITests-frameworks.sh\"\n";
			showEnvVarsInLog = 0;
		};
		1C257C20C18E063042D490E2 /* [CP] Copy Pods Resources */ = {
			isa = PBXShellScriptBuildPhase;
			buildActionMask = 2147483647;
			files = (
			);
			inputPaths = (
			);
			name = "[CP] Copy Pods Resources";
			outputPaths = (
			);
			runOnlyForDeploymentPostprocessing = 0;
			shellPath = /bin/sh;
			shellScript = "\"${SRCROOT}/Pods/Target Support Files/Pods-HomePage-Demo/Pods-HomePage-Demo-resources.sh\"\n";
			showEnvVarsInLog = 0;
		};
		288DEC4D8C94ACECC9D9F061 /* [CP] Embed Pods Frameworks */ = {
			isa = PBXShellScriptBuildPhase;
			buildActionMask = 2147483647;
			files = (
			);
			inputPaths = (
			);
			name = "[CP] Embed Pods Frameworks";
			outputPaths = (
			);
			runOnlyForDeploymentPostprocessing = 0;
			shellPath = /bin/sh;
			shellScript = "\"${SRCROOT}/Pods/Target Support Files/Pods-HomePage-DemoTests/Pods-HomePage-DemoTests-frameworks.sh\"\n";
			showEnvVarsInLog = 0;
		};
		3DF6D2EE4E2F9327F2154641 /* [CP] Check Pods Manifest.lock */ = {
			isa = PBXShellScriptBuildPhase;
			buildActionMask = 2147483647;
			files = (
			);
			inputPaths = (
				"${PODS_PODFILE_DIR_PATH}/Podfile.lock",
				"${PODS_ROOT}/Manifest.lock",
			);
			name = "[CP] Check Pods Manifest.lock";
			outputPaths = (
				"$(DERIVED_FILE_DIR)/Pods-HomePage-Demo-checkManifestLockResult.txt",
			);
			runOnlyForDeploymentPostprocessing = 0;
			shellPath = /bin/sh;
			shellScript = "diff \"${PODS_PODFILE_DIR_PATH}/Podfile.lock\" \"${PODS_ROOT}/Manifest.lock\" > /dev/null\nif [ $? != 0 ] ; then\n    # print error to STDERR\n    echo \"error: The sandbox is not in sync with the Podfile.lock. Run 'pod install' or update your CocoaPods installation.\" >&2\n    exit 1\nfi\n# This output is used by Xcode 'outputs' to avoid re-running this script phase.\necho \"SUCCESS\" > \"${SCRIPT_OUTPUT_FILE_0}\"\n";
			showEnvVarsInLog = 0;
		};
		40C383F1D143A33E9226AEA7 /* [CP] Check Pods Manifest.lock */ = {
			isa = PBXShellScriptBuildPhase;
			buildActionMask = 2147483647;
			files = (
			);
			inputPaths = (
				"${PODS_PODFILE_DIR_PATH}/Podfile.lock",
				"${PODS_ROOT}/Manifest.lock",
			);
			name = "[CP] Check Pods Manifest.lock";
			outputPaths = (
				"$(DERIVED_FILE_DIR)/Pods-HomePage-DemoUITests-checkManifestLockResult.txt",
			);
			runOnlyForDeploymentPostprocessing = 0;
			shellPath = /bin/sh;
			shellScript = "diff \"${PODS_PODFILE_DIR_PATH}/Podfile.lock\" \"${PODS_ROOT}/Manifest.lock\" > /dev/null\nif [ $? != 0 ] ; then\n    # print error to STDERR\n    echo \"error: The sandbox is not in sync with the Podfile.lock. Run 'pod install' or update your CocoaPods installation.\" >&2\n    exit 1\nfi\n# This output is used by Xcode 'outputs' to avoid re-running this script phase.\necho \"SUCCESS\" > \"${SCRIPT_OUTPUT_FILE_0}\"\n";
			showEnvVarsInLog = 0;
		};
		78D967DA5EA4FB385786D4AD /* [CP] Copy Pods Resources */ = {
			isa = PBXShellScriptBuildPhase;
			buildActionMask = 2147483647;
			files = (
			);
			inputPaths = (
			);
			name = "[CP] Copy Pods Resources";
			outputPaths = (
			);
			runOnlyForDeploymentPostprocessing = 0;
			shellPath = /bin/sh;
			shellScript = "\"${SRCROOT}/Pods/Target Support Files/Pods-HomePage-DemoTests/Pods-HomePage-DemoTests-resources.sh\"\n";
			showEnvVarsInLog = 0;
		};
		BBAF49997A1A97114F2AC227 /* [CP] Copy Pods Resources */ = {
			isa = PBXShellScriptBuildPhase;
			buildActionMask = 2147483647;
			files = (
			);
			inputPaths = (
			);
			name = "[CP] Copy Pods Resources";
			outputPaths = (
			);
			runOnlyForDeploymentPostprocessing = 0;
			shellPath = /bin/sh;
			shellScript = "\"${SRCROOT}/Pods/Target Support Files/Pods-HomePage-DemoUITests/Pods-HomePage-DemoUITests-resources.sh\"\n";
			showEnvVarsInLog = 0;
		};
		E815B462381E64B8BDB87ACB /* [CP] Check Pods Manifest.lock */ = {
			isa = PBXShellScriptBuildPhase;
			buildActionMask = 2147483647;
			files = (
			);
			inputPaths = (
				"${PODS_PODFILE_DIR_PATH}/Podfile.lock",
				"${PODS_ROOT}/Manifest.lock",
			);
			name = "[CP] Check Pods Manifest.lock";
			outputPaths = (
				"$(DERIVED_FILE_DIR)/Pods-HomePage-DemoTests-checkManifestLockResult.txt",
			);
			runOnlyForDeploymentPostprocessing = 0;
			shellPath = /bin/sh;
			shellScript = "diff \"${PODS_PODFILE_DIR_PATH}/Podfile.lock\" \"${PODS_ROOT}/Manifest.lock\" > /dev/null\nif [ $? != 0 ] ; then\n    # print error to STDERR\n    echo \"error: The sandbox is not in sync with the Podfile.lock. Run 'pod install' or update your CocoaPods installation.\" >&2\n    exit 1\nfi\n# This output is used by Xcode 'outputs' to avoid re-running this script phase.\necho \"SUCCESS\" > \"${SCRIPT_OUTPUT_FILE_0}\"\n";
			showEnvVarsInLog = 0;
		};
		F633304A2B323920F9EA75D5 /* [CP] Embed Pods Frameworks */ = {
			isa = PBXShellScriptBuildPhase;
			buildActionMask = 2147483647;
			files = (
			);
			inputPaths = (
			);
			name = "[CP] Embed Pods Frameworks";
			outputPaths = (
			);
			runOnlyForDeploymentPostprocessing = 0;
			shellPath = /bin/sh;
			shellScript = "\"${SRCROOT}/Pods/Target Support Files/Pods-HomePage-Demo/Pods-HomePage-Demo-frameworks.sh\"\n";
			showEnvVarsInLog = 0;
		};
/* End PBXShellScriptBuildPhase section */

/* Begin PBXSourcesBuildPhase section */
		1D44E8231FB2BFCF0086B576 /* Sources */ = {
			isa = PBXSourcesBuildPhase;
			buildActionMask = 2147483647;
			files = (
				1D44E83A1FB2BFCF0086B576 /* main.m in Sources */,
				1D44E8621FB2C1060086B576 /* HomPageViewController.m in Sources */,
				1D44E82C1FB2BFCF0086B576 /* AppDelegate.m in Sources */,
			);
			runOnlyForDeploymentPostprocessing = 0;
		};
		1D44E83B1FB2BFCF0086B576 /* Sources */ = {
			isa = PBXSourcesBuildPhase;
			buildActionMask = 2147483647;
			files = (
				1D44E8441FB2BFCF0086B576 /* HomePage_DemoTests.m in Sources */,
			);
			runOnlyForDeploymentPostprocessing = 0;
		};
		1D44E8461FB2BFCF0086B576 /* Sources */ = {
			isa = PBXSourcesBuildPhase;
			buildActionMask = 2147483647;
			files = (
				1D44E84F1FB2BFCF0086B576 /* HomePage_DemoUITests.m in Sources */,
			);
			runOnlyForDeploymentPostprocessing = 0;
		};
/* End PBXSourcesBuildPhase section */

/* Begin PBXTargetDependency section */
		1D44E8411FB2BFCF0086B576 /* PBXTargetDependency */ = {
			isa = PBXTargetDependency;
			target = 1D44E8261FB2BFCF0086B576 /* HomePage-Demo */;
			targetProxy = 1D44E8401FB2BFCF0086B576 /* PBXContainerItemProxy */;
		};
		1D44E84C1FB2BFCF0086B576 /* PBXTargetDependency */ = {
			isa = PBXTargetDependency;
			target = 1D44E8261FB2BFCF0086B576 /* HomePage-Demo */;
			targetProxy = 1D44E84B1FB2BFCF0086B576 /* PBXContainerItemProxy */;
		};
/* End PBXTargetDependency section */

/* Begin XCBuildConfiguration section */
		1D44E8511FB2BFCF0086B576 /* Debug */ = {
			isa = XCBuildConfiguration;
			buildSettings = {
				ALWAYS_SEARCH_USER_PATHS = NO;
				CLANG_ANALYZER_NONNULL = YES;
				CLANG_ANALYZER_NUMBER_OBJECT_CONVERSION = YES_AGGRESSIVE;
				CLANG_CXX_LANGUAGE_STANDARD = "gnu++14";
				CLANG_CXX_LIBRARY = "libc++";
				CLANG_ENABLE_MODULES = YES;
				CLANG_ENABLE_OBJC_ARC = YES;
				CLANG_WARN_BLOCK_CAPTURE_AUTORELEASING = YES;
				CLANG_WARN_BOOL_CONVERSION = YES;
				CLANG_WARN_COMMA = YES;
				CLANG_WARN_CONSTANT_CONVERSION = YES;
				CLANG_WARN_DIRECT_OBJC_ISA_USAGE = YES_ERROR;
				CLANG_WARN_DOCUMENTATION_COMMENTS = YES;
				CLANG_WARN_EMPTY_BODY = YES;
				CLANG_WARN_ENUM_CONVERSION = YES;
				CLANG_WARN_INFINITE_RECURSION = YES;
				CLANG_WARN_INT_CONVERSION = YES;
				CLANG_WARN_NON_LITERAL_NULL_CONVERSION = YES;
				CLANG_WARN_OBJC_LITERAL_CONVERSION = YES;
				CLANG_WARN_OBJC_ROOT_CLASS = YES_ERROR;
				CLANG_WARN_RANGE_LOOP_ANALYSIS = YES;
				CLANG_WARN_STRICT_PROTOTYPES = YES;
				CLANG_WARN_SUSPICIOUS_MOVE = YES;
				CLANG_WARN_UNGUARDED_AVAILABILITY = YES_AGGRESSIVE;
				CLANG_WARN_UNREACHABLE_CODE = YES;
				CLANG_WARN__DUPLICATE_METHOD_MATCH = YES;
				CODE_SIGN_IDENTITY = "iPhone Developer";
				COPY_PHASE_STRIP = NO;
				DEBUG_INFORMATION_FORMAT = dwarf;
				ENABLE_STRICT_OBJC_MSGSEND = YES;
				ENABLE_TESTABILITY = YES;
				GCC_C_LANGUAGE_STANDARD = gnu11;
				GCC_DYNAMIC_NO_PIC = NO;
				GCC_NO_COMMON_BLOCKS = YES;
				GCC_OPTIMIZATION_LEVEL = 0;
				GCC_PREPROCESSOR_DEFINITIONS = (
					"DEBUG=1",
					"$(inherited)",
				);
				GCC_WARN_64_TO_32_BIT_CONVERSION = YES;
				GCC_WARN_ABOUT_RETURN_TYPE = YES_ERROR;
				GCC_WARN_UNDECLARED_SELECTOR = YES;
				GCC_WARN_UNINITIALIZED_AUTOS = YES_AGGRESSIVE;
				GCC_WARN_UNUSED_FUNCTION = YES;
				GCC_WARN_UNUSED_VARIABLE = YES;
				IPHONEOS_DEPLOYMENT_TARGET = 11.1;
				MTL_ENABLE_DEBUG_INFO = YES;
				ONLY_ACTIVE_ARCH = YES;
				SDKROOT = iphoneos;
			};
			name = Debug;
		};
		1D44E8521FB2BFCF0086B576 /* Release */ = {
			isa = XCBuildConfiguration;
			buildSettings = {
				ALWAYS_SEARCH_USER_PATHS = NO;
				CLANG_ANALYZER_NONNULL = YES;
				CLANG_ANALYZER_NUMBER_OBJECT_CONVERSION = YES_AGGRESSIVE;
				CLANG_CXX_LANGUAGE_STANDARD = "gnu++14";
				CLANG_CXX_LIBRARY = "libc++";
				CLANG_ENABLE_MODULES = YES;
				CLANG_ENABLE_OBJC_ARC = YES;
				CLANG_WARN_BLOCK_CAPTURE_AUTORELEASING = YES;
				CLANG_WARN_BOOL_CONVERSION = YES;
				CLANG_WARN_COMMA = YES;
				CLANG_WARN_CONSTANT_CONVERSION = YES;
				CLANG_WARN_DIRECT_OBJC_ISA_USAGE = YES_ERROR;
				CLANG_WARN_DOCUMENTATION_COMMENTS = YES;
				CLANG_WARN_EMPTY_BODY = YES;
				CLANG_WARN_ENUM_CONVERSION = YES;
				CLANG_WARN_INFINITE_RECURSION = YES;
				CLANG_WARN_INT_CONVERSION = YES;
				CLANG_WARN_NON_LITERAL_NULL_CONVERSION = YES;
				CLANG_WARN_OBJC_LITERAL_CONVERSION = YES;
				CLANG_WARN_OBJC_ROOT_CLASS = YES_ERROR;
				CLANG_WARN_RANGE_LOOP_ANALYSIS = YES;
				CLANG_WARN_STRICT_PROTOTYPES = YES;
				CLANG_WARN_SUSPICIOUS_MOVE = YES;
				CLANG_WARN_UNGUARDED_AVAILABILITY = YES_AGGRESSIVE;
				CLANG_WARN_UNREACHABLE_CODE = YES;
				CLANG_WARN__DUPLICATE_METHOD_MATCH = YES;
				CODE_SIGN_IDENTITY = "iPhone Developer";
				COPY_PHASE_STRIP = NO;
				DEBUG_INFORMATION_FORMAT = "dwarf-with-dsym";
				ENABLE_NS_ASSERTIONS = NO;
				ENABLE_STRICT_OBJC_MSGSEND = YES;
				GCC_C_LANGUAGE_STANDARD = gnu11;
				GCC_NO_COMMON_BLOCKS = YES;
				GCC_WARN_64_TO_32_BIT_CONVERSION = YES;
				GCC_WARN_ABOUT_RETURN_TYPE = YES_ERROR;
				GCC_WARN_UNDECLARED_SELECTOR = YES;
				GCC_WARN_UNINITIALIZED_AUTOS = YES_AGGRESSIVE;
				GCC_WARN_UNUSED_FUNCTION = YES;
				GCC_WARN_UNUSED_VARIABLE = YES;
				IPHONEOS_DEPLOYMENT_TARGET = 11.1;
				MTL_ENABLE_DEBUG_INFO = NO;
				SDKROOT = iphoneos;
				VALIDATE_PRODUCT = YES;
			};
			name = Release;
		};
		1D44E8541FB2BFCF0086B576 /* Debug */ = {
			isa = XCBuildConfiguration;
			baseConfigurationReference = A53566729468EC8CF52E6AB8 /* Pods-HomePage-Demo.debug.xcconfig */;
			buildSettings = {
				ASSETCATALOG_COMPILER_APPICON_NAME = AppIcon;
				ASSETCATALOG_COMPILER_LAUNCHIMAGE_NAME = LaunchImage;
				CODE_SIGN_STYLE = Automatic;
				DEVELOPMENT_TEAM = 3EEF8W549V;
				INFOPLIST_FILE = "HomePage-Demo/Info.plist";
				IPHONEOS_DEPLOYMENT_TARGET = 9.0;
				LD_RUNPATH_SEARCH_PATHS = "$(inherited) @executable_path/Frameworks";
				PRODUCT_BUNDLE_IDENTIFIER = "com.Company.HomePage-Demo";
				PRODUCT_NAME = "$(TARGET_NAME)";
				TARGETED_DEVICE_FAMILY = "1,2";
			};
			name = Debug;
		};
		1D44E8551FB2BFCF0086B576 /* Release */ = {
			isa = XCBuildConfiguration;
			baseConfigurationReference = BEAF4756AE4A79A935E10F3E /* Pods-HomePage-Demo.release.xcconfig */;
			buildSettings = {
				ASSETCATALOG_COMPILER_APPICON_NAME = AppIcon;
				ASSETCATALOG_COMPILER_LAUNCHIMAGE_NAME = LaunchImage;
				CODE_SIGN_STYLE = Automatic;
				DEVELOPMENT_TEAM = 3EEF8W549V;
				INFOPLIST_FILE = "HomePage-Demo/Info.plist";
				IPHONEOS_DEPLOYMENT_TARGET = 9.0;
				LD_RUNPATH_SEARCH_PATHS = "$(inherited) @executable_path/Frameworks";
				PRODUCT_BUNDLE_IDENTIFIER = "com.Company.HomePage-Demo";
				PRODUCT_NAME = "$(TARGET_NAME)";
				TARGETED_DEVICE_FAMILY = "1,2";
			};
			name = Release;
		};
		1D44E8571FB2BFCF0086B576 /* Debug */ = {
			isa = XCBuildConfiguration;
			baseConfigurationReference = D1A4BBB9E182513F2A5C64F0 /* Pods-HomePage-DemoTests.debug.xcconfig */;
			buildSettings = {
				BUNDLE_LOADER = "$(TEST_HOST)";
				CODE_SIGN_STYLE = Automatic;
				DEVELOPMENT_TEAM = 3EEF8W549V;
				INFOPLIST_FILE = "HomePage-DemoTests/Info.plist";
				LD_RUNPATH_SEARCH_PATHS = "$(inherited) @executable_path/Frameworks @loader_path/Frameworks";
				PRODUCT_BUNDLE_IDENTIFIER = "com.Company.HomePage-DemoTests";
				PRODUCT_NAME = "$(TARGET_NAME)";
				TARGETED_DEVICE_FAMILY = "1,2";
				TEST_HOST = "$(BUILT_PRODUCTS_DIR)/HomePage-Demo.app/HomePage-Demo";
			};
			name = Debug;
		};
		1D44E8581FB2BFCF0086B576 /* Release */ = {
			isa = XCBuildConfiguration;
			baseConfigurationReference = 8E2B64F20090F6AE674EC63A /* Pods-HomePage-DemoTests.release.xcconfig */;
			buildSettings = {
				BUNDLE_LOADER = "$(TEST_HOST)";
				CODE_SIGN_STYLE = Automatic;
				DEVELOPMENT_TEAM = 3EEF8W549V;
				INFOPLIST_FILE = "HomePage-DemoTests/Info.plist";
				LD_RUNPATH_SEARCH_PATHS = "$(inherited) @executable_path/Frameworks @loader_path/Frameworks";
				PRODUCT_BUNDLE_IDENTIFIER = "com.Company.HomePage-DemoTests";
				PRODUCT_NAME = "$(TARGET_NAME)";
				TARGETED_DEVICE_FAMILY = "1,2";
				TEST_HOST = "$(BUILT_PRODUCTS_DIR)/HomePage-Demo.app/HomePage-Demo";
			};
			name = Release;
		};
		1D44E85A1FB2BFCF0086B576 /* Debug */ = {
			isa = XCBuildConfiguration;
			baseConfigurationReference = 622A9796FF91D1E5B8117F42 /* Pods-HomePage-DemoUITests.debug.xcconfig */;
			buildSettings = {
				CODE_SIGN_STYLE = Automatic;
				DEVELOPMENT_TEAM = 3EEF8W549V;
				INFOPLIST_FILE = "HomePage-DemoUITests/Info.plist";
				LD_RUNPATH_SEARCH_PATHS = "$(inherited) @executable_path/Frameworks @loader_path/Frameworks";
				PRODUCT_BUNDLE_IDENTIFIER = "com.Company.HomePage-DemoUITests";
				PRODUCT_NAME = "$(TARGET_NAME)";
				TARGETED_DEVICE_FAMILY = "1,2";
				TEST_TARGET_NAME = "HomePage-Demo";
			};
			name = Debug;
		};
		1D44E85B1FB2BFCF0086B576 /* Release */ = {
			isa = XCBuildConfiguration;
			baseConfigurationReference = D522577ED18CC3A8F96F1E21 /* Pods-HomePage-DemoUITests.release.xcconfig */;
			buildSettings = {
				CODE_SIGN_STYLE = Automatic;
				DEVELOPMENT_TEAM = 3EEF8W549V;
				INFOPLIST_FILE = "HomePage-DemoUITests/Info.plist";
				LD_RUNPATH_SEARCH_PATHS = "$(inherited) @executable_path/Frameworks @loader_path/Frameworks";
				PRODUCT_BUNDLE_IDENTIFIER = "com.Company.HomePage-DemoUITests";
				PRODUCT_NAME = "$(TARGET_NAME)";
				TARGETED_DEVICE_FAMILY = "1,2";
				TEST_TARGET_NAME = "HomePage-Demo";
			};
			name = Release;
		};
/* End XCBuildConfiguration section */

/* Begin XCConfigurationList section */
		1D44E8221FB2BFCF0086B576 /* Build configuration list for PBXProject "HomePage-Demo" */ = {
			isa = XCConfigurationList;
			buildConfigurations = (
				1D44E8511FB2BFCF0086B576 /* Debug */,
				1D44E8521FB2BFCF0086B576 /* Release */,
			);
			defaultConfigurationIsVisible = 0;
			defaultConfigurationName = Release;
		};
		1D44E8531FB2BFCF0086B576 /* Build configuration list for PBXNativeTarget "HomePage-Demo" */ = {
			isa = XCConfigurationList;
			buildConfigurations = (
				1D44E8541FB2BFCF0086B576 /* Debug */,
				1D44E8551FB2BFCF0086B576 /* Release */,
			);
			defaultConfigurationIsVisible = 0;
			defaultConfigurationName = Release;
		};
		1D44E8561FB2BFCF0086B576 /* Build configuration list for PBXNativeTarget "HomePage-DemoTests" */ = {
			isa = XCConfigurationList;
			buildConfigurations = (
				1D44E8571FB2BFCF0086B576 /* Debug */,
				1D44E8581FB2BFCF0086B576 /* Release */,
			);
			defaultConfigurationIsVisible = 0;
			defaultConfigurationName = Release;
		};
		1D44E8591FB2BFCF0086B576 /* Build configuration list for PBXNativeTarget "HomePage-DemoUITests" */ = {
			isa = XCConfigurationList;
			buildConfigurations = (
				1D44E85A1FB2BFCF0086B576 /* Debug */,
				1D44E85B1FB2BFCF0086B576 /* Release */,
			);
			defaultConfigurationIsVisible = 0;
			defaultConfigurationName = Release;
		};
/* End XCConfigurationList section */
	};
	rootObject = 1D44E81F1FB2BFCF0086B576 /* Project object */;
}
